
Microsoft Visual Studio Solution File, Format Version 12.00
# Visual Studio Version 17
VisualStudioVersion = 17.14.36603.0
MinimumVisualStudioVersion = 10.0.40219.1
Project("{FAE04EC0-301F-11D3-BF4B-00C04F79EFBC}") = "NovaLight.Core", "NovaLight.Core\NovaLight.Core.csproj", "{C1874CC5-A6B5-A36D-856D-CAF7500AA7EA}"
EndProject
Project("{FAE04EC0-301F-11D3-BF4B-00C04F79EFBC}") = "NovaLight.Console", "NovaLight.Console\NovaLight.Console.csproj", "{7E1198F2-4327-D529-7B37-863D27AAA1B1}"
EndProject
Project("{FAE04EC0-301F-11D3-BF4B-00C04F79EFBC}") = "NovaLight.Core.Interaction", "NovaLight.Core.Interaction\NovaLight.Core.Interaction.csproj", "{AE86BC5C-5FE6-409E-B0EA-0CA0E0DF93DF}"
EndProject
Global
	GlobalSection(SolutionConfigurationPlatforms) = preSolution
		Debug|Any CPU = Debug|Any CPU
		Release|Any CPU = Release|Any CPU
	EndGlobalSection
	GlobalSection(ProjectConfigurationPlatforms) = postSolution
		{C1874CC5-A6B5-A36D-856D-CAF7500AA7EA}.Debug|Any CPU.ActiveCfg = Debug|Any CPU
		{C1874CC5-A6B5-A36D-856D-CAF7500AA7EA}.Debug|Any CPU.Build.0 = Debug|Any CPU
		{C1874CC5-A6B5-A36D-856D-CAF7500AA7EA}.Release|Any CPU.ActiveCfg = Release|Any CPU
		{C1874CC5-A6B5-A36D-856D-CAF7500AA7EA}.Release|Any CPU.Build.0 = Release|Any CPU
		{7E1198F2-4327-D529-7B37-863D27AAA1B1}.Debug|Any CPU.ActiveCfg = Debug|Any CPU
		{7E1198F2-4327-D529-7B37-863D27AAA1B1}.Debug|Any CPU.Build.0 = Debug|Any CPU
		{7E1198F2-4327-D529-7B37-863D27AAA1B1}.Release|Any CPU.ActiveCfg = Release|Any CPU
		{7E1198F2-4327-D529-7B37-863D27AAA1B1}.Release|Any CPU.Build.0 = Release|Any CPU
		{AE86BC5C-5FE6-409E-B0EA-0CA0E0DF93DF}.Debug|Any CPU.ActiveCfg = Debug|Any CPU
		{AE86BC5C-5FE6-409E-B0EA-0CA0E0DF93DF}.Debug|Any CPU.Build.0 = Debug|Any CPU
		{AE86BC5C-5FE6-409E-B0EA-0CA0E0DF93DF}.Release|Any CPU.ActiveCfg = Release|Any CPU
		{AE86BC5C-5FE6-409E-B0EA-0CA0E0DF93DF}.Release|Any CPU.Build.0 = Release|Any CPU
	EndGlobalSection
	GlobalSection(SolutionProperties) = preSolution
		HideSolutionNode = FALSE
	EndGlobalSection
	GlobalSection(ExtensibilityGlobals) = postSolution
		SolutionGuid = {F348536F-43D4-40EE-B425-0D2874AF7062}
	EndGlobalSection
EndGlobal
